// !$*UTF8*$!
{
	archiveVersion = 1;
	classes = {
	};
	objectVersion = 46;
	objects = {

/* Begin PBXAggregateTarget section */
		48C74ED3230242D89739C4BC /* ZERO_CHECK */ = {
			isa = PBXAggregateTarget;
			buildConfigurationList = 03996B9E51E44634B38E5483 /* Build configuration list for PBXAggregateTarget "ZERO_CHECK" */;
			buildPhases = (
				8A9C5BD8E92E43509793B95D /* CMake Rules */,
			);
			dependencies = (
			);
			name = ZERO_CHECK;
			productName = ZERO_CHECK;
		};
		8F6A783261FE4A689FE685C0 /* install */ = {
			isa = PBXAggregateTarget;
			buildConfigurationList = 91A46E381BC8457A86C15ED6 /* Build configuration list for PBXAggregateTarget "install" */;
			buildPhases = (
				3290EC36F6A34DECB8A488E6 /* CMake PostBuild Rules */,
			);
			dependencies = (
				2C8750F7F5DE46EE9D7DC18C /* PBXTargetDependency */,
			);
			name = install;
			productName = install;
		};
		F1354BEC2DE840ED82D43D60 /* ALL_BUILD */ = {
			isa = PBXAggregateTarget;
			buildConfigurationList = ECA5EEB37FD7418F96155639 /* Build configuration list for PBXAggregateTarget "ALL_BUILD" */;
			buildPhases = (
				C3D192B2B7684B55B018AE64 /* CMake Rules */,
			);
			dependencies = (
				659321636FC54B7A850FA768 /* PBXTargetDependency */,
				1AEE07E5EDBC45BCB7E515B6 /* PBXTargetDependency */,
				7C2B02F3137E42A2A7056F75 /* PBXTargetDependency */,
			);
			name = ALL_BUILD;
			productName = ALL_BUILD;
		};
/* End PBXAggregateTarget section */

/* Begin PBXBuildFile section */
		003615BC285B48FF9E8E1DB3 /* /Users/natkham/Desktop/cs184/projects/p4-clothsim-natkham/ext/nanogui/ext/glfw/src/cocoa_platform.h */ = {isa = PBXBuildFile; fileRef = 52B6B56774A04EFFA0642203 /* /Users/natkham/Desktop/cs184/projects/p4-clothsim-natkham/ext/nanogui/ext/glfw/src/cocoa_platform.h */; };
		144709D33383495AAAF1E192 /* /Users/natkham/Desktop/cs184/projects/p4-clothsim-natkham/ext/nanogui/ext/glfw/src/CMakeLists.txt */ = {isa = PBXBuildFile; fileRef = 9AC51AC4F379460288F9AABE /* /Users/natkham/Desktop/cs184/projects/p4-clothsim-natkham/ext/nanogui/ext/glfw/src/CMakeLists.txt */; };
		1611A22FC5A24C46A72B1E9F /* /Users/natkham/Desktop/cs184/projects/p4-clothsim-natkham/ext/nanogui/ext/glfw/include/GLFW/glfw3native.h */ = {isa = PBXBuildFile; fileRef = 162CE063F3AB408C94DB0210 /* /Users/natkham/Desktop/cs184/projects/p4-clothsim-natkham/ext/nanogui/ext/glfw/include/GLFW/glfw3native.h */; };
		1818F7DA3BAC456DBEBCAD99 /* /Users/natkham/Desktop/cs184/projects/p4-clothsim-natkham/ext/nanogui/ext/glfw/src/CMakeLists.txt */ = {isa = PBXBuildFile; fileRef = B98B2F4A0FF6483490C2AF0F /* /Users/natkham/Desktop/cs184/projects/p4-clothsim-natkham/ext/nanogui/ext/glfw/src/CMakeLists.txt */; };
		207C4B498EC3454C921F9075 /* /Users/natkham/Desktop/cs184/projects/p4-clothsim-natkham/ext/nanogui/ext/glfw/src/cocoa_time.c */ = {isa = PBXBuildFile; fileRef = 845E470E848A4D48AC96D121 /* /Users/natkham/Desktop/cs184/projects/p4-clothsim-natkham/ext/nanogui/ext/glfw/src/cocoa_time.c */; };
		26944C9BD0E649068F1E5F51 /* /Users/natkham/Desktop/cs184/projects/p4-clothsim-natkham/ext/nanogui/ext/glfw/src/init.c */ = {isa = PBXBuildFile; fileRef = 7DB7AC94510A42E0809BBB3C /* /Users/natkham/Desktop/cs184/projects/p4-clothsim-natkham/ext/nanogui/ext/glfw/src/init.c */; };
		28F76F4EBEF04BE4865B6A21 /* /Users/natkham/Desktop/cs184/projects/p4-clothsim-natkham/ext/nanogui/ext/glfw/src/posix_tls.c */ = {isa = PBXBuildFile; fileRef = DFFEF288C59244B8B6B643FC /* /Users/natkham/Desktop/cs184/projects/p4-clothsim-natkham/ext/nanogui/ext/glfw/src/posix_tls.c */; };
		2D2F35A884744153BC06CAE5 /* /Users/natkham/Desktop/cs184/projects/p4-clothsim-natkham/ext/nanogui/ext/glfw/include/GLFW/glfw3.h */ = {isa = PBXBuildFile; fileRef = 0061C75F7A62495BACCA8AF3 /* /Users/natkham/Desktop/cs184/projects/p4-clothsim-natkham/ext/nanogui/ext/glfw/include/GLFW/glfw3.h */; };
		3367A9E1E2F04C1A82A7D007 /* /Users/natkham/Desktop/cs184/projects/p4-clothsim-natkham/ext/nanogui/ext/glfw/src/posix_tls.h */ = {isa = PBXBuildFile; fileRef = B6101AE5E9DD47E192F616CA /* /Users/natkham/Desktop/cs184/projects/p4-clothsim-natkham/ext/nanogui/ext/glfw/src/posix_tls.h */; };
		361980E2F7844EE681D46DC5 /* /Users/natkham/Desktop/cs184/projects/p4-clothsim-natkham/ext/nanogui/ext/glfw/src/cocoa_init.m */ = {isa = PBXBuildFile; fileRef = D81F70E5E94C4A70AF3F4025 /* /Users/natkham/Desktop/cs184/projects/p4-clothsim-natkham/ext/nanogui/ext/glfw/src/cocoa_init.m */; };
		3C8E4607E2D542CBAB55C2E6 /* /Users/natkham/Desktop/cs184/projects/p4-clothsim-natkham/ext/nanogui/ext/glfw/src/cocoa_monitor.m */ = {isa = PBXBuildFile; fileRef = E352E1B07D9040A785CF3435 /* /Users/natkham/Desktop/cs184/projects/p4-clothsim-natkham/ext/nanogui/ext/glfw/src/cocoa_monitor.m */; };
		49DB22E3A5674CBCAB3545FF /* /Users/natkham/Desktop/cs184/projects/p4-clothsim-natkham/ext/nanogui/ext/glfw/src/input.c */ = {isa = PBXBuildFile; fileRef = 7C329DACBE384133AD242E5E /* /Users/natkham/Desktop/cs184/projects/p4-clothsim-natkham/ext/nanogui/ext/glfw/src/input.c */; };
		63882A1B63BA4821A85064DE /* /Users/natkham/Desktop/cs184/projects/p4-clothsim-natkham/ext/nanogui/ext/glfw/src/vulkan.c */ = {isa = PBXBuildFile; fileRef = 32DA38B71B534B169FA3AD58 /* /Users/natkham/Desktop/cs184/projects/p4-clothsim-natkham/ext/nanogui/ext/glfw/src/vulkan.c */; };
		6B36E259B4124D2193F3AE3F /* /Users/natkham/Desktop/cs184/projects/p4-clothsim-natkham/ext/nanogui/ext/glfw/src/nsgl_context.h */ = {isa = PBXBuildFile; fileRef = AE319311D4E04187AEEFCED0 /* /Users/natkham/Desktop/cs184/projects/p4-clothsim-natkham/ext/nanogui/ext/glfw/src/nsgl_context.h */; };
		7E00607B02E14B3495032D6A /* /Users/natkham/Desktop/cs184/projects/p4-clothsim-natkham/xcode/ext/nanogui/ext_build/glfw/src/glfw_config.h */ = {isa = PBXBuildFile; fileRef = 37EB83578BEE40D994F2E41A /* /Users/natkham/Desktop/cs184/projects/p4-clothsim-natkham/xcode/ext/nanogui/ext_build/glfw/src/glfw_config.h */; };
		7ECBF783C5C2421C861F4B88 /* /Users/natkham/Desktop/cs184/projects/p4-clothsim-natkham/ext/nanogui/ext/glfw/src/cocoa_joystick.m */ = {isa = PBXBuildFile; fileRef = C09C1811ABF14EEC99D461B5 /* /Users/natkham/Desktop/cs184/projects/p4-clothsim-natkham/ext/nanogui/ext/glfw/src/cocoa_joystick.m */; };
		9F9A0782B7B54663A0EA2FF0 /* /Users/natkham/Desktop/cs184/projects/p4-clothsim-natkham/ext/nanogui/ext/glfw/src/nsgl_context.m */ = {isa = PBXBuildFile; fileRef = 74E4817963E04C73A72BAB62 /* /Users/natkham/Desktop/cs184/projects/p4-clothsim-natkham/ext/nanogui/ext/glfw/src/nsgl_context.m */; };
		C5ECEF3C24A5403BB1707A72 /* /Users/natkham/Desktop/cs184/projects/p4-clothsim-natkham/ext/nanogui/ext/glfw/src/context.c */ = {isa = PBXBuildFile; fileRef = E79E23B5DE6A4951BDB5AEDD /* /Users/natkham/Desktop/cs184/projects/p4-clothsim-natkham/ext/nanogui/ext/glfw/src/context.c */; };
		D8CF657B95A448A3A6D466A8 /* /Users/natkham/Desktop/cs184/projects/p4-clothsim-natkham/ext/nanogui/ext/glfw/src/monitor.c */ = {isa = PBXBuildFile; fileRef = 41CD6DADACDF42AC9B5A0663 /* /Users/natkham/Desktop/cs184/projects/p4-clothsim-natkham/ext/nanogui/ext/glfw/src/monitor.c */; };
		DB2806B7B018466FBBF94F64 /* /Users/natkham/Desktop/cs184/projects/p4-clothsim-natkham/ext/nanogui/ext/glfw/src/window.c */ = {isa = PBXBuildFile; fileRef = 7484AF84A1B044C9A45D6F45 /* /Users/natkham/Desktop/cs184/projects/p4-clothsim-natkham/ext/nanogui/ext/glfw/src/window.c */; };
		EBD0C9A2B7284F9CA9E9B136 /* /Users/natkham/Desktop/cs184/projects/p4-clothsim-natkham/ext/nanogui/ext/glfw/src/cocoa_window.m */ = {isa = PBXBuildFile; fileRef = 68EDE1125A61451092094716 /* /Users/natkham/Desktop/cs184/projects/p4-clothsim-natkham/ext/nanogui/ext/glfw/src/cocoa_window.m */; };
		EBE50DA952604B468BC818DA /* /Users/natkham/Desktop/cs184/projects/p4-clothsim-natkham/ext/nanogui/ext/glfw/src/internal.h */ = {isa = PBXBuildFile; fileRef = 5FF7C5A791D84CE4A813E8CB /* /Users/natkham/Desktop/cs184/projects/p4-clothsim-natkham/ext/nanogui/ext/glfw/src/internal.h */; };
		FF0B8824E6E045668E6F5ECD /* /Users/natkham/Desktop/cs184/projects/p4-clothsim-natkham/ext/nanogui/ext/glfw/src/cocoa_joystick.h */ = {isa = PBXBuildFile; fileRef = 86C0C565C4674E7DB5E20847 /* /Users/natkham/Desktop/cs184/projects/p4-clothsim-natkham/ext/nanogui/ext/glfw/src/cocoa_joystick.h */; };
/* End PBXBuildFile section */

/* Begin PBXBuildStyle section */
		33A45217B7DF4638B3D5FA21 /* Debug */ = {
			isa = PBXBuildStyle;
			buildSettings = {
				COPY_PHASE_STRIP = NO;
			};
			name = Debug;
		};
		49F7C16CBEF74163ABCCA0C1 /* Release */ = {
			isa = PBXBuildStyle;
			buildSettings = {
				COPY_PHASE_STRIP = NO;
			};
			name = Release;
		};
		92A961BC8D924928B8098E79 /* RelWithDebInfo */ = {
			isa = PBXBuildStyle;
			buildSettings = {
				COPY_PHASE_STRIP = NO;
			};
			name = RelWithDebInfo;
		};
		A594BC96A12A4386B5B5EAA2 /* MinSizeRel */ = {
			isa = PBXBuildStyle;
			buildSettings = {
				COPY_PHASE_STRIP = NO;
			};
			name = MinSizeRel;
		};
/* End PBXBuildStyle section */

/* Begin PBXContainerItemProxy section */
		54A23FDD19E345CBB71890C1 /* PBXContainerItemProxy */ = {
			isa = PBXContainerItemProxy;
			containerPortal = FC5905E398ED47AC80050A78 /* Project object */;
			proxyType = 1;
			remoteGlobalIDString = 3FBCE821EEF44AEC8CECF76E;
			remoteInfo = glfw_objects;
		};
		627E8FEFDB604DD2A84CD898 /* PBXContainerItemProxy */ = {
			isa = PBXContainerItemProxy;
			containerPortal = FC5905E398ED47AC80050A78 /* Project object */;
			proxyType = 1;
			remoteGlobalIDString = F1354BEC2DE840ED82D43D60;
			remoteInfo = ALL_BUILD;
		};
		82BB5DC26B934A9AB91F75FA /* PBXContainerItemProxy */ = {
			isa = PBXContainerItemProxy;
			containerPortal = FC5905E398ED47AC80050A78 /* Project object */;
			proxyType = 1;
			remoteGlobalIDString = 48C74ED3230242D89739C4BC;
			remoteInfo = ZERO_CHECK;
		};
		86963A206A8C4C319DF058EC /* PBXContainerItemProxy */ = {
			isa = PBXContainerItemProxy;
			containerPortal = FC5905E398ED47AC80050A78 /* Project object */;
			proxyType = 1;
			remoteGlobalIDString = 3FBCE821EEF44AEC8CECF76E;
			remoteInfo = glfw_objects;
		};
		B03EEB4DE4BA4A8D97B22013 /* PBXContainerItemProxy */ = {
			isa = PBXContainerItemProxy;
			containerPortal = FC5905E398ED47AC80050A78 /* Project object */;
			proxyType = 1;
			remoteGlobalIDString = 28DFE7E671CC4FAFB497ACED;
			remoteInfo = glfw;
		};
/* End PBXContainerItemProxy section */

/* Begin PBXFileReference section */
		0061C75F7A62495BACCA8AF3 /* /Users/natkham/Desktop/cs184/projects/p4-clothsim-natkham/ext/nanogui/ext/glfw/include/GLFW/glfw3.h */ = {isa = PBXFileReference; explicitFileType = sourcecode.c.h; fileEncoding = 4; name = glfw3.h; path = include/GLFW/glfw3.h; sourceTree = SOURCE_ROOT; };
		162CE063F3AB408C94DB0210 /* /Users/natkham/Desktop/cs184/projects/p4-clothsim-natkham/ext/nanogui/ext/glfw/include/GLFW/glfw3native.h */ = {isa = PBXFileReference; explicitFileType = sourcecode.c.h; fileEncoding = 4; name = glfw3native.h; path = include/GLFW/glfw3native.h; sourceTree = SOURCE_ROOT; };
		1BFABB9E0346480B86E6720E /* glfw */ = {isa = PBXFileReference; explicitFileType = "compiled.mach-o.dylib"; path = libglfw.dylib; sourceTree = BUILT_PRODUCTS_DIR; };
		2E72814BAD82436892232761 /* /Users/natkham/Desktop/cs184/projects/p4-clothsim-natkham/ext/nanogui/ext/glfw/CMakeLists.txt */ = {isa = PBXFileReference; explicitFileType = sourcecode.text; fileEncoding = 4; name = CMakeLists.txt; path = CMakeLists.txt; sourceTree = SOURCE_ROOT; };
		32DA38B71B534B169FA3AD58 /* /Users/natkham/Desktop/cs184/projects/p4-clothsim-natkham/ext/nanogui/ext/glfw/src/vulkan.c */ = {isa = PBXFileReference; explicitFileType = sourcecode.c.c; fileEncoding = 4; name = vulkan.c; path = src/vulkan.c; sourceTree = SOURCE_ROOT; };
		37EB83578BEE40D994F2E41A /* /Users/natkham/Desktop/cs184/projects/p4-clothsim-natkham/xcode/ext/nanogui/ext_build/glfw/src/glfw_config.h */ = {isa = PBXFileReference; explicitFileType = sourcecode.c.h; fileEncoding = 4; name = glfw_config.h; path = ../../../../xcode/ext/nanogui/ext_build/glfw/src/glfw_config.h; sourceTree = SOURCE_ROOT; };
		41CD6DADACDF42AC9B5A0663 /* /Users/natkham/Desktop/cs184/projects/p4-clothsim-natkham/ext/nanogui/ext/glfw/src/monitor.c */ = {isa = PBXFileReference; explicitFileType = sourcecode.c.c; fileEncoding = 4; name = monitor.c; path = src/monitor.c; sourceTree = SOURCE_ROOT; };
		52B6B56774A04EFFA0642203 /* /Users/natkham/Desktop/cs184/projects/p4-clothsim-natkham/ext/nanogui/ext/glfw/src/cocoa_platform.h */ = {isa = PBXFileReference; explicitFileType = sourcecode.c.h; fileEncoding = 4; name = cocoa_platform.h; path = src/cocoa_platform.h; sourceTree = SOURCE_ROOT; };
		5FF7C5A791D84CE4A813E8CB /* /Users/natkham/Desktop/cs184/projects/p4-clothsim-natkham/ext/nanogui/ext/glfw/src/internal.h */ = {isa = PBXFileReference; explicitFileType = sourcecode.c.h; fileEncoding = 4; name = internal.h; path = src/internal.h; sourceTree = SOURCE_ROOT; };
		68EDE1125A61451092094716 /* /Users/natkham/Desktop/cs184/projects/p4-clothsim-natkham/ext/nanogui/ext/glfw/src/cocoa_window.m */ = {isa = PBXFileReference; explicitFileType = sourcecode.c.objc; fileEncoding = 4; name = cocoa_window.m; path = src/cocoa_window.m; sourceTree = SOURCE_ROOT; };
		7484AF84A1B044C9A45D6F45 /* /Users/natkham/Desktop/cs184/projects/p4-clothsim-natkham/ext/nanogui/ext/glfw/src/window.c */ = {isa = PBXFileReference; explicitFileType = sourcecode.c.c; fileEncoding = 4; name = window.c; path = src/window.c; sourceTree = SOURCE_ROOT; };
		74E4817963E04C73A72BAB62 /* /Users/natkham/Desktop/cs184/projects/p4-clothsim-natkham/ext/nanogui/ext/glfw/src/nsgl_context.m */ = {isa = PBXFileReference; explicitFileType = sourcecode.c.objc; fileEncoding = 4; name = nsgl_context.m; path = src/nsgl_context.m; sourceTree = SOURCE_ROOT; };
		7C329DACBE384133AD242E5E /* /Users/natkham/Desktop/cs184/projects/p4-clothsim-natkham/ext/nanogui/ext/glfw/src/input.c */ = {isa = PBXFileReference; explicitFileType = sourcecode.c.c; fileEncoding = 4; name = input.c; path = src/input.c; sourceTree = SOURCE_ROOT; };
		7DB7AC94510A42E0809BBB3C /* /Users/natkham/Desktop/cs184/projects/p4-clothsim-natkham/ext/nanogui/ext/glfw/src/init.c */ = {isa = PBXFileReference; explicitFileType = sourcecode.c.c; fileEncoding = 4; name = init.c; path = src/init.c; sourceTree = SOURCE_ROOT; };
		845E470E848A4D48AC96D121 /* /Users/natkham/Desktop/cs184/projects/p4-clothsim-natkham/ext/nanogui/ext/glfw/src/cocoa_time.c */ = {isa = PBXFileReference; explicitFileType = sourcecode.c.c; fileEncoding = 4; name = cocoa_time.c; path = src/cocoa_time.c; sourceTree = SOURCE_ROOT; };
		86C0C565C4674E7DB5E20847 /* /Users/natkham/Desktop/cs184/projects/p4-clothsim-natkham/ext/nanogui/ext/glfw/src/cocoa_joystick.h */ = {isa = PBXFileReference; explicitFileType = sourcecode.c.h; fileEncoding = 4; name = cocoa_joystick.h; path = src/cocoa_joystick.h; sourceTree = SOURCE_ROOT; };
		9AC51AC4F379460288F9AABE /* /Users/natkham/Desktop/cs184/projects/p4-clothsim-natkham/ext/nanogui/ext/glfw/src/CMakeLists.txt */ = {isa = PBXFileReference; explicitFileType = sourcecode.text; fileEncoding = 4; name = CMakeLists.txt; path = src/CMakeLists.txt; sourceTree = SOURCE_ROOT; };
		AE319311D4E04187AEEFCED0 /* /Users/natkham/Desktop/cs184/projects/p4-clothsim-natkham/ext/nanogui/ext/glfw/src/nsgl_context.h */ = {isa = PBXFileReference; explicitFileType = sourcecode.c.h; fileEncoding = 4; name = nsgl_context.h; path = src/nsgl_context.h; sourceTree = SOURCE_ROOT; };
		AF129CBB4C084498BE79EFA8 /* glfw_objects */ = {isa = PBXFileReference; explicitFileType = archive.ar; path = libglfw_objects.a; sourceTree = BUILT_PRODUCTS_DIR; };
		B6101AE5E9DD47E192F616CA /* /Users/natkham/Desktop/cs184/projects/p4-clothsim-natkham/ext/nanogui/ext/glfw/src/posix_tls.h */ = {isa = PBXFileReference; explicitFileType = sourcecode.c.h; fileEncoding = 4; name = posix_tls.h; path = src/posix_tls.h; sourceTree = SOURCE_ROOT; };
		B98B2F4A0FF6483490C2AF0F /* /Users/natkham/Desktop/cs184/projects/p4-clothsim-natkham/ext/nanogui/ext/glfw/src/CMakeLists.txt */ = {isa = PBXFileReference; explicitFileType = sourcecode.text; fileEncoding = 4; name = CMakeLists.txt; path = src/CMakeLists.txt; sourceTree = SOURCE_ROOT; };
		C09C1811ABF14EEC99D461B5 /* /Users/natkham/Desktop/cs184/projects/p4-clothsim-natkham/ext/nanogui/ext/glfw/src/cocoa_joystick.m */ = {isa = PBXFileReference; explicitFileType = sourcecode.c.objc; fileEncoding = 4; name = cocoa_joystick.m; path = src/cocoa_joystick.m; sourceTree = SOURCE_ROOT; };
		D81F70E5E94C4A70AF3F4025 /* /Users/natkham/Desktop/cs184/projects/p4-clothsim-natkham/ext/nanogui/ext/glfw/src/cocoa_init.m */ = {isa = PBXFileReference; explicitFileType = sourcecode.c.objc; fileEncoding = 4; name = cocoa_init.m; path = src/cocoa_init.m; sourceTree = SOURCE_ROOT; };
		DFFEF288C59244B8B6B643FC /* /Users/natkham/Desktop/cs184/projects/p4-clothsim-natkham/ext/nanogui/ext/glfw/src/posix_tls.c */ = {isa = PBXFileReference; explicitFileType = sourcecode.c.c; fileEncoding = 4; name = posix_tls.c; path = src/posix_tls.c; sourceTree = SOURCE_ROOT; };
		E352E1B07D9040A785CF3435 /* /Users/natkham/Desktop/cs184/projects/p4-clothsim-natkham/ext/nanogui/ext/glfw/src/cocoa_monitor.m */ = {isa = PBXFileReference; explicitFileType = sourcecode.c.objc; fileEncoding = 4; name = cocoa_monitor.m; path = src/cocoa_monitor.m; sourceTree = SOURCE_ROOT; };
		E79E23B5DE6A4951BDB5AEDD /* /Users/natkham/Desktop/cs184/projects/p4-clothsim-natkham/ext/nanogui/ext/glfw/src/context.c */ = {isa = PBXFileReference; explicitFileType = sourcecode.c.c; fileEncoding = 4; name = context.c; path = src/context.c; sourceTree = SOURCE_ROOT; };
/* End PBXFileReference section */

/* Begin PBXGroup section */
		1EB5DA88DA7F4EE0A5D2E911 /* ALL_BUILD */ = {
			isa = PBXGroup;
			children = (
				4253BA62139F4B7B9C9BAA71 /* CMake Rules */,
				2E72814BAD82436892232761 /* /Users/natkham/Desktop/cs184/projects/p4-clothsim-natkham/ext/nanogui/ext/glfw/CMakeLists.txt */,
			);
			name = ALL_BUILD;
			sourceTree = "<group>";
		};
		4253BA62139F4B7B9C9BAA71 /* CMake Rules */ = {
			isa = PBXGroup;
			children = (
			);
			name = "CMake Rules";
			sourceTree = "<group>";
		};
		4A8FCABF71B04CEEB25F3086 = {
			isa = PBXGroup;
			children = (
				1EB5DA88DA7F4EE0A5D2E911 /* ALL_BUILD */,
				68EFF14F0FD34BB3851451C6 /* dependencies */,
				CFC2358755164E76AD1CAE0D /* Products */,
			);
			sourceTree = "<group>";
		};
		5D19F4105B81475F8715D6AA /* glfw_objects */ = {
			isa = PBXGroup;
			children = (
				DDE75EA8F00A4C2C8E39703C /* Source Files */,
				79F24637FB354B4D859E8738 /* Header Files */,
				9AC51AC4F379460288F9AABE /* /Users/natkham/Desktop/cs184/projects/p4-clothsim-natkham/ext/nanogui/ext/glfw/src/CMakeLists.txt */,
			);
			name = glfw_objects;
			sourceTree = "<group>";
		};
		68EFF14F0FD34BB3851451C6 /* dependencies */ = {
			isa = PBXGroup;
			children = (
				B5F723DD6A234F6C87933F2F /* glfw */,
				5D19F4105B81475F8715D6AA /* glfw_objects */,
			);
			name = dependencies;
			sourceTree = "<group>";
		};
		79F24637FB354B4D859E8738 /* Header Files */ = {
			isa = PBXGroup;
			children = (
				0061C75F7A62495BACCA8AF3 /* /Users/natkham/Desktop/cs184/projects/p4-clothsim-natkham/ext/nanogui/ext/glfw/include/GLFW/glfw3.h */,
				162CE063F3AB408C94DB0210 /* /Users/natkham/Desktop/cs184/projects/p4-clothsim-natkham/ext/nanogui/ext/glfw/include/GLFW/glfw3native.h */,
				86C0C565C4674E7DB5E20847 /* /Users/natkham/Desktop/cs184/projects/p4-clothsim-natkham/ext/nanogui/ext/glfw/src/cocoa_joystick.h */,
				52B6B56774A04EFFA0642203 /* /Users/natkham/Desktop/cs184/projects/p4-clothsim-natkham/ext/nanogui/ext/glfw/src/cocoa_platform.h */,
				5FF7C5A791D84CE4A813E8CB /* /Users/natkham/Desktop/cs184/projects/p4-clothsim-natkham/ext/nanogui/ext/glfw/src/internal.h */,
				AE319311D4E04187AEEFCED0 /* /Users/natkham/Desktop/cs184/projects/p4-clothsim-natkham/ext/nanogui/ext/glfw/src/nsgl_context.h */,
				B6101AE5E9DD47E192F616CA /* /Users/natkham/Desktop/cs184/projects/p4-clothsim-natkham/ext/nanogui/ext/glfw/src/posix_tls.h */,
				37EB83578BEE40D994F2E41A /* /Users/natkham/Desktop/cs184/projects/p4-clothsim-natkham/xcode/ext/nanogui/ext_build/glfw/src/glfw_config.h */,
			);
			name = "Header Files";
			sourceTree = "<group>";
		};
		B5F723DD6A234F6C87933F2F /* glfw */ = {
			isa = PBXGroup;
			children = (
				B98B2F4A0FF6483490C2AF0F /* /Users/natkham/Desktop/cs184/projects/p4-clothsim-natkham/ext/nanogui/ext/glfw/src/CMakeLists.txt */,
			);
			name = glfw;
			sourceTree = "<group>";
		};
		CFC2358755164E76AD1CAE0D /* Products */ = {
			isa = PBXGroup;
			children = (
				1BFABB9E0346480B86E6720E /* glfw */,
				AF129CBB4C084498BE79EFA8 /* glfw_objects */,
			);
			name = Products;
			sourceTree = "<group>";
		};
		DDE75EA8F00A4C2C8E39703C /* Source Files */ = {
			isa = PBXGroup;
			children = (
				D81F70E5E94C4A70AF3F4025 /* /Users/natkham/Desktop/cs184/projects/p4-clothsim-natkham/ext/nanogui/ext/glfw/src/cocoa_init.m */,
				C09C1811ABF14EEC99D461B5 /* /Users/natkham/Desktop/cs184/projects/p4-clothsim-natkham/ext/nanogui/ext/glfw/src/cocoa_joystick.m */,
				E352E1B07D9040A785CF3435 /* /Users/natkham/Desktop/cs184/projects/p4-clothsim-natkham/ext/nanogui/ext/glfw/src/cocoa_monitor.m */,
				845E470E848A4D48AC96D121 /* /Users/natkham/Desktop/cs184/projects/p4-clothsim-natkham/ext/nanogui/ext/glfw/src/cocoa_time.c */,
				68EDE1125A61451092094716 /* /Users/natkham/Desktop/cs184/projects/p4-clothsim-natkham/ext/nanogui/ext/glfw/src/cocoa_window.m */,
				E79E23B5DE6A4951BDB5AEDD /* /Users/natkham/Desktop/cs184/projects/p4-clothsim-natkham/ext/nanogui/ext/glfw/src/context.c */,
				7DB7AC94510A42E0809BBB3C /* /Users/natkham/Desktop/cs184/projects/p4-clothsim-natkham/ext/nanogui/ext/glfw/src/init.c */,
				7C329DACBE384133AD242E5E /* /Users/natkham/Desktop/cs184/projects/p4-clothsim-natkham/ext/nanogui/ext/glfw/src/input.c */,
				41CD6DADACDF42AC9B5A0663 /* /Users/natkham/Desktop/cs184/projects/p4-clothsim-natkham/ext/nanogui/ext/glfw/src/monitor.c */,
				74E4817963E04C73A72BAB62 /* /Users/natkham/Desktop/cs184/projects/p4-clothsim-natkham/ext/nanogui/ext/glfw/src/nsgl_context.m */,
				DFFEF288C59244B8B6B643FC /* /Users/natkham/Desktop/cs184/projects/p4-clothsim-natkham/ext/nanogui/ext/glfw/src/posix_tls.c */,
				32DA38B71B534B169FA3AD58 /* /Users/natkham/Desktop/cs184/projects/p4-clothsim-natkham/ext/nanogui/ext/glfw/src/vulkan.c */,
				7484AF84A1B044C9A45D6F45 /* /Users/natkham/Desktop/cs184/projects/p4-clothsim-natkham/ext/nanogui/ext/glfw/src/window.c */,
			);
			name = "Source Files";
			sourceTree = "<group>";
		};
/* End PBXGroup section */

/* Begin PBXNativeTarget section */
		28DFE7E671CC4FAFB497ACED /* glfw */ = {
			isa = PBXNativeTarget;
			buildConfigurationList = 402D42F961704716B3F6A477 /* Build configuration list for PBXNativeTarget "glfw" */;
			buildPhases = (
				5315FE07EFF54CBF953A9687 /* CMake PostBuild Rules */,
			);
			buildRules = (
			);
			dependencies = (
				04F7ADC8AC1441A7B077AC04 /* PBXTargetDependency */,
			);
			name = glfw;
			productName = glfw;
			productReference = 1BFABB9E0346480B86E6720E /* glfw */;
			productType = "com.apple.product-type.library.dynamic";
		};
		3FBCE821EEF44AEC8CECF76E /* glfw_objects */ = {
			isa = PBXNativeTarget;
			buildConfigurationList = 1CC231B08EE446B38567D951 /* Build configuration list for PBXNativeTarget "glfw_objects" */;
			buildPhases = (
				1B94ECF4549446D8B1AD8EBC /* Sources */,
				BE98F2EEB1BF4BC5B043DEE0 /* CMake PostBuild Rules */,
			);
			buildRules = (
			);
			dependencies = (
			);
			name = glfw_objects;
			productName = glfw_objects;
			productReference = AF129CBB4C084498BE79EFA8 /* glfw_objects */;
			productType = "com.apple.product-type.library.static";
		};
/* End PBXNativeTarget section */

/* Begin PBXProject section */
		FC5905E398ED47AC80050A78 /* Project object */ = {
			isa = PBXProject;
			attributes = {
				BuildIndependentTargetsInParallel = YES;
				LastUpgradeCheck = 1010;
			};
			buildConfigurationList = 0A379A5EC5CD466B99415FDB /* Build configuration list for PBXProject "GLFW" */;
			buildSettings = {
			};
			buildStyles = (
				33A45217B7DF4638B3D5FA21 /* Debug */,
				49F7C16CBEF74163ABCCA0C1 /* Release */,
				A594BC96A12A4386B5B5EAA2 /* MinSizeRel */,
				92A961BC8D924928B8098E79 /* RelWithDebInfo */,
			);
			compatibilityVersion = "Xcode 3.2";
			hasScannedForEncodings = 0;
			mainGroup = 4A8FCABF71B04CEEB25F3086;
			projectDirPath = ../../../../../ext/nanogui/ext/glfw;
			projectRoot = "";
			targets = (
				F1354BEC2DE840ED82D43D60 /* ALL_BUILD */,
				48C74ED3230242D89739C4BC /* ZERO_CHECK */,
				28DFE7E671CC4FAFB497ACED /* glfw */,
				3FBCE821EEF44AEC8CECF76E /* glfw_objects */,
				8F6A783261FE4A689FE685C0 /* install */,
			);
		};
/* End PBXProject section */

/* Begin PBXShellScriptBuildPhase section */
		0F549D5CD03F4EF6A33659DA = {
			isa = PBXShellScriptBuildPhase;
			buildActionMask = 2147483647;
			files = (
			);
			inputPaths = (
			);
			outputPaths = (
			);
			runOnlyForDeploymentPostprocessing = 0;
			shellPath = /bin/sh;
			shellScript = "# shell script goes here
exit 0";
			showEnvVarsInLog = 0;
		};
		3290EC36F6A34DECB8A488E6 /* CMake PostBuild Rules */ = {
			isa = PBXShellScriptBuildPhase;
			buildActionMask = 2147483647;
			files = (
			);
			name = "CMake PostBuild Rules";
			runOnlyForDeploymentPostprocessing = 0;
			shellPath = /bin/sh;
			shellScript = "make -C /Users/natkham/Desktop/cs184/projects/p4-clothsim-natkham/xcode/ext/nanogui/ext_build/glfw -f /Users/natkham/Desktop/cs184/projects/p4-clothsim-natkham/xcode/ext/nanogui/ext_build/glfw/CMakeScripts/install_postBuildPhase.make$CONFIGURATION OBJDIR=$(basename \"$OBJECT_FILE_DIR_normal\") all";
			showEnvVarsInLog = 0;
		};
		5315FE07EFF54CBF953A9687 /* CMake PostBuild Rules */ = {
			isa = PBXShellScriptBuildPhase;
			buildActionMask = 2147483647;
			files = (
			);
			name = "CMake PostBuild Rules";
			runOnlyForDeploymentPostprocessing = 0;
			shellPath = /bin/sh;
			shellScript = "make -C /Users/natkham/Desktop/cs184/projects/p4-clothsim-natkham/xcode/ext/nanogui/ext_build/glfw/src -f /Users/natkham/Desktop/cs184/projects/p4-clothsim-natkham/xcode/ext/nanogui/ext_build/glfw/src/CMakeScripts/glfw_postBuildPhase.make$CONFIGURATION OBJDIR=$(basename \"$OBJECT_FILE_DIR_normal\") all";
			showEnvVarsInLog = 0;
		};
		8A9C5BD8E92E43509793B95D /* CMake Rules */ = {
			isa = PBXShellScriptBuildPhase;
			buildActionMask = 2147483647;
			files = (
			);
			name = "CMake Rules";
			runOnlyForDeploymentPostprocessing = 0;
			shellPath = /bin/sh;
			shellScript = "make -C /Users/natkham/Desktop/cs184/projects/p4-clothsim-natkham/xcode/ext/nanogui/ext_build/glfw -f /Users/natkham/Desktop/cs184/projects/p4-clothsim-natkham/xcode/ext/nanogui/ext_build/glfw/CMakeScripts/ZERO_CHECK_cmakeRulesBuildPhase.make$CONFIGURATION OBJDIR=$(basename \"$OBJECT_FILE_DIR_normal\") all";
			showEnvVarsInLog = 0;
		};
		9BE4289FE78949C6940988D0 = {
			isa = PBXShellScriptBuildPhase;
			buildActionMask = 2147483647;
			files = (
			);
			inputPaths = (
			);
			outputPaths = (
			);
			runOnlyForDeploymentPostprocessing = 0;
			shellPath = /bin/sh;
			shellScript = "# shell script goes here
exit 0";
			showEnvVarsInLog = 0;
		};
		BE98F2EEB1BF4BC5B043DEE0 /* CMake PostBuild Rules */ = {
			isa = PBXShellScriptBuildPhase;
			buildActionMask = 2147483647;
			files = (
			);
			name = "CMake PostBuild Rules";
			runOnlyForDeploymentPostprocessing = 0;
			shellPath = /bin/sh;
			shellScript = "make -C /Users/natkham/Desktop/cs184/projects/p4-clothsim-natkham/xcode/ext/nanogui/ext_build/glfw/src -f /Users/natkham/Desktop/cs184/projects/p4-clothsim-natkham/xcode/ext/nanogui/ext_build/glfw/src/CMakeScripts/glfw_objects_postBuildPhase.make$CONFIGURATION OBJDIR=$(basename \"$OBJECT_FILE_DIR_normal\") all";
			showEnvVarsInLog = 0;
		};
		C3D192B2B7684B55B018AE64 /* CMake Rules */ = {
			isa = PBXShellScriptBuildPhase;
			buildActionMask = 2147483647;
			files = (
			);
			name = "CMake Rules";
			runOnlyForDeploymentPostprocessing = 0;
			shellPath = /bin/sh;
			shellScript = "make -C /Users/natkham/Desktop/cs184/projects/p4-clothsim-natkham/xcode/ext/nanogui/ext_build/glfw -f /Users/natkham/Desktop/cs184/projects/p4-clothsim-natkham/xcode/ext/nanogui/ext_build/glfw/CMakeScripts/ALL_BUILD_cmakeRulesBuildPhase.make$CONFIGURATION OBJDIR=$(basename \"$OBJECT_FILE_DIR_normal\") all";
			showEnvVarsInLog = 0;
		};
		FC049095BAD0491E955A7E54 = {
			isa = PBXShellScriptBuildPhase;
			buildActionMask = 2147483647;
			files = (
			);
			inputPaths = (
			);
			outputPaths = (
			);
			runOnlyForDeploymentPostprocessing = 0;
			shellPath = /bin/sh;
			shellScript = "# shell script goes here
exit 0";
			showEnvVarsInLog = 0;
		};
/* End PBXShellScriptBuildPhase section */

/* Begin PBXSourcesBuildPhase section */
		1B94ECF4549446D8B1AD8EBC /* Sources */ = {
			isa = PBXSourcesBuildPhase;
			buildActionMask = 2147483647;
			files = (
				361980E2F7844EE681D46DC5 /* /Users/natkham/Desktop/cs184/projects/p4-clothsim-natkham/ext/nanogui/ext/glfw/src/cocoa_init.m */,
				7ECBF783C5C2421C861F4B88 /* /Users/natkham/Desktop/cs184/projects/p4-clothsim-natkham/ext/nanogui/ext/glfw/src/cocoa_joystick.m */,
				3C8E4607E2D542CBAB55C2E6 /* /Users/natkham/Desktop/cs184/projects/p4-clothsim-natkham/ext/nanogui/ext/glfw/src/cocoa_monitor.m */,
				207C4B498EC3454C921F9075 /* /Users/natkham/Desktop/cs184/projects/p4-clothsim-natkham/ext/nanogui/ext/glfw/src/cocoa_time.c */,
				EBD0C9A2B7284F9CA9E9B136 /* /Users/natkham/Desktop/cs184/projects/p4-clothsim-natkham/ext/nanogui/ext/glfw/src/cocoa_window.m */,
				C5ECEF3C24A5403BB1707A72 /* /Users/natkham/Desktop/cs184/projects/p4-clothsim-natkham/ext/nanogui/ext/glfw/src/context.c */,
				26944C9BD0E649068F1E5F51 /* /Users/natkham/Desktop/cs184/projects/p4-clothsim-natkham/ext/nanogui/ext/glfw/src/init.c */,
				49DB22E3A5674CBCAB3545FF /* /Users/natkham/Desktop/cs184/projects/p4-clothsim-natkham/ext/nanogui/ext/glfw/src/input.c */,
				D8CF657B95A448A3A6D466A8 /* /Users/natkham/Desktop/cs184/projects/p4-clothsim-natkham/ext/nanogui/ext/glfw/src/monitor.c */,
				9F9A0782B7B54663A0EA2FF0 /* /Users/natkham/Desktop/cs184/projects/p4-clothsim-natkham/ext/nanogui/ext/glfw/src/nsgl_context.m */,
				28F76F4EBEF04BE4865B6A21 /* /Users/natkham/Desktop/cs184/projects/p4-clothsim-natkham/ext/nanogui/ext/glfw/src/posix_tls.c */,
				63882A1B63BA4821A85064DE /* /Users/natkham/Desktop/cs184/projects/p4-clothsim-natkham/ext/nanogui/ext/glfw/src/vulkan.c */,
				DB2806B7B018466FBBF94F64 /* /Users/natkham/Desktop/cs184/projects/p4-clothsim-natkham/ext/nanogui/ext/glfw/src/window.c */,
			);
			runOnlyForDeploymentPostprocessing = 0;
		};
/* End PBXSourcesBuildPhase section */

/* Begin PBXTargetDependency section */
		04F7ADC8AC1441A7B077AC04 /* PBXTargetDependency */ = {
			isa = PBXTargetDependency;
			target = 3FBCE821EEF44AEC8CECF76E /* glfw_objects */;
			targetProxy = 86963A206A8C4C319DF058EC /* PBXContainerItemProxy */;
		};
		1AEE07E5EDBC45BCB7E515B6 /* PBXTargetDependency */ = {
			isa = PBXTargetDependency;
			target = 28DFE7E671CC4FAFB497ACED /* glfw */;
			targetProxy = B03EEB4DE4BA4A8D97B22013 /* PBXContainerItemProxy */;
		};
		2C8750F7F5DE46EE9D7DC18C /* PBXTargetDependency */ = {
			isa = PBXTargetDependency;
			target = F1354BEC2DE840ED82D43D60 /* ALL_BUILD */;
			targetProxy = 627E8FEFDB604DD2A84CD898 /* PBXContainerItemProxy */;
		};
		659321636FC54B7A850FA768 /* PBXTargetDependency */ = {
			isa = PBXTargetDependency;
			target = 48C74ED3230242D89739C4BC /* ZERO_CHECK */;
			targetProxy = 82BB5DC26B934A9AB91F75FA /* PBXContainerItemProxy */;
		};
		7C2B02F3137E42A2A7056F75 /* PBXTargetDependency */ = {
			isa = PBXTargetDependency;
			target = 3FBCE821EEF44AEC8CECF76E /* glfw_objects */;
			targetProxy = 54A23FDD19E345CBB71890C1 /* PBXContainerItemProxy */;
		};
/* End PBXTargetDependency section */

/* Begin XCBuildConfiguration section */
		02EE87713FD44DE7A90B9E1D /* RelWithDebInfo */ = {
			isa = XCBuildConfiguration;
			buildSettings = {
				COMBINE_HIDPI_IMAGES = YES;
				DYLIB_COMPATIBILITY_VERSION = 3.0.0;
				DYLIB_CURRENT_VERSION = 3.2.0;
				EXECUTABLE_PREFIX = lib;
				EXECUTABLE_SUFFIX = .dylib;
				GCC_GENERATE_DEBUGGING_SYMBOLS = YES;
				GCC_INLINES_ARE_PRIVATE_EXTERN = NO;
				GCC_OPTIMIZATION_LEVEL = 2;
				GCC_PREPROCESSOR_DEFINITIONS = ("'CMAKE_INTDIR=\"$(CONFIGURATION)$(EFFECTIVE_PLATFORM_NAME)\"'",glfw_EXPORTS);
				GCC_SYMBOLS_PRIVATE_EXTERN = NO;
				INSTALL_PATH = "";
				LIBRARY_SEARCH_PATHS = "";
				LIBRARY_STYLE = DYNAMIC;
				OTHER_CFLAGS = " -Wno-deprecated-declarations        -DNDEBUG -fPIC  ";
				OTHER_LDFLAGS = " -dynamiclib -Wl,-headerpad_max_install_names -install_name @rpath/libglfw.3.dylib /Users/natkham/Desktop/cs184/projects/p4-clothsim-natkham/xcode/ext/nanogui/ext_build/glfw/src/$(PROJECT_NAME).build/$(CONFIGURATION)$(EFFECTIVE_PLATFORM_NAME)/glfw_objects.build/$(OBJECT_FILE_DIR_normal:base)/x86_64/context.o /Users/natkham/Desktop/cs184/projects/p4-clothsim-natkham/xcode/ext/nanogui/ext_build/glfw/src/$(PROJECT_NAME).build/$(CONFIGURATION)$(EFFECTIVE_PLATFORM_NAME)/glfw_objects.build/$(OBJECT_FILE_DIR_normal:base)/x86_64/init.o /Users/natkham/Desktop/cs184/projects/p4-clothsim-natkham/xcode/ext/nanogui/ext_build/glfw/src/$(PROJECT_NAME).build/$(CONFIGURATION)$(EFFECTIVE_PLATFORM_NAME)/glfw_objects.build/$(OBJECT_FILE_DIR_normal:base)/x86_64/input.o /Users/natkham/Desktop/cs184/projects/p4-clothsim-natkham/xcode/ext/nanogui/ext_build/glfw/src/$(PROJECT_NAME).build/$(CONFIGURATION)$(EFFECTIVE_PLATFORM_NAME)/glfw_objects.build/$(OBJECT_FILE_DIR_normal:base)/x86_64/monitor.o /Users/natkham/Desktop/cs184/projects/p4-clothsim-natkham/xcode/ext/nanogui/ext_build/glfw/src/$(PROJECT_NAME).build/$(CONFIGURATION)$(EFFECTIVE_PLATFORM_NAME)/glfw_objects.build/$(OBJECT_FILE_DIR_normal:base)/x86_64/vulkan.o /Users/natkham/Desktop/cs184/projects/p4-clothsim-natkham/xcode/ext/nanogui/ext_build/glfw/src/$(PROJECT_NAME).build/$(CONFIGURATION)$(EFFECTIVE_PLATFORM_NAME)/glfw_objects.build/$(OBJECT_FILE_DIR_normal:base)/x86_64/window.o /Users/natkham/Desktop/cs184/projects/p4-clothsim-natkham/xcode/ext/nanogui/ext_build/glfw/src/$(PROJECT_NAME).build/$(CONFIGURATION)$(EFFECTIVE_PLATFORM_NAME)/glfw_objects.build/$(OBJECT_FILE_DIR_normal:base)/x86_64/cocoa_init.o /Users/natkham/Desktop/cs184/projects/p4-clothsim-natkham/xcode/ext/nanogui/ext_build/glfw/src/$(PROJECT_NAME).build/$(CONFIGURATION)$(EFFECTIVE_PLATFORM_NAME)/glfw_objects.build/$(OBJECT_FILE_DIR_normal:base)/x86_64/cocoa_joystick.o /Users/natkham/Desktop/cs184/projects/p4-clothsim-natkham/xcode/ext/nanogui/ext_build/glfw/src/$(PROJECT_NAME).build/$(CONFIGURATION)$(EFFECTIVE_PLATFORM_NAME)/glfw_objects.build/$(OBJECT_FILE_DIR_normal:base)/x86_64/cocoa_monitor.o /Users/natkham/Desktop/cs184/projects/p4-clothsim-natkham/xcode/ext/nanogui/ext_build/glfw/src/$(PROJECT_NAME).build/$(CONFIGURATION)$(EFFECTIVE_PLATFORM_NAME)/glfw_objects.build/$(OBJECT_FILE_DIR_normal:base)/x86_64/cocoa_window.o /Users/natkham/Desktop/cs184/projects/p4-clothsim-natkham/xcode/ext/nanogui/ext_build/glfw/src/$(PROJECT_NAME).build/$(CONFIGURATION)$(EFFECTIVE_PLATFORM_NAME)/glfw_objects.build/$(OBJECT_FILE_DIR_normal:base)/x86_64/cocoa_time.o /Users/natkham/Desktop/cs184/projects/p4-clothsim-natkham/xcode/ext/nanogui/ext_build/glfw/src/$(PROJECT_NAME).build/$(CONFIGURATION)$(EFFECTIVE_PLATFORM_NAME)/glfw_objects.build/$(OBJECT_FILE_DIR_normal:base)/x86_64/posix_tls.o /Users/natkham/Desktop/cs184/projects/p4-clothsim-natkham/xcode/ext/nanogui/ext_build/glfw/src/$(PROJECT_NAME).build/$(CONFIGURATION)$(EFFECTIVE_PLATFORM_NAME)/glfw_objects.build/$(OBJECT_FILE_DIR_normal:base)/x86_64/nsgl_context.o -framework Cocoa -framework IOKit -framework CoreFoundation -framework CoreVideo";
				OTHER_REZFLAGS = "";
				PRODUCT_NAME = glfw.3.2;
				SECTORDER_FLAGS = "";
				SYMROOT = "/Users/natkham/Desktop/cs184/projects/p4-clothsim-natkham/xcode/ext/nanogui/ext_build/glfw/src";
				USE_HEADERMAP = NO;
				WARNING_CFLAGS = ("-Wmost","-Wno-four-char-constants","-Wno-unknown-pragmas","$(inherited)");
			};
			name = RelWithDebInfo;
		};
		035E1F07FD724E769932B239 /* MinSizeRel */ = {
			isa = XCBuildConfiguration;
			buildSettings = {
				ONLY_ACTIVE_ARCH = YES;
				SDKROOT = /Applications/Xcode.app/Contents/Developer/Platforms/MacOSX.platform/Developer/SDKs/MacOSX10.14.sdk;
				SYMROOT = "/Users/natkham/Desktop/cs184/projects/p4-clothsim-natkham/xcode/ext/nanogui/ext_build/glfw/build";
			};
			name = MinSizeRel;
		};
		05D53DC567D34AB8BB09FEF5 /* Release */ = {
			isa = XCBuildConfiguration;
			buildSettings = {
				COMBINE_HIDPI_IMAGES = YES;
				CONFIGURATION_BUILD_DIR = "/Users/natkham/Desktop/cs184/projects/p4-clothsim-natkham/xcode/ext/nanogui/ext_build/glfw/src/GLFW.build/Release/glfw_objects.build/";
				GCC_GENERATE_DEBUGGING_SYMBOLS = NO;
				GCC_INLINES_ARE_PRIVATE_EXTERN = NO;
				GCC_OPTIMIZATION_LEVEL = 3;
				GCC_PREPROCESSOR_DEFINITIONS = ("'CMAKE_INTDIR=\"$(CONFIGURATION)$(EFFECTIVE_PLATFORM_NAME)\"'",_GLFW_USE_CONFIG_H);
				GCC_SYMBOLS_PRIVATE_EXTERN = NO;
				HEADER_SEARCH_PATHS = ("/Users/natkham/Desktop/cs184/projects/p4-clothsim-natkham/ext/nanogui/ext/glfw/include","/Users/natkham/Desktop/cs184/projects/p4-clothsim-natkham/ext/nanogui/ext/glfw/src","/Users/natkham/Desktop/cs184/projects/p4-clothsim-natkham/xcode/ext/nanogui/ext_build/glfw/src");
				INSTALL_PATH = "";
				LIBRARY_STYLE = STATIC;
				OTHER_CFLAGS = " -Wno-deprecated-declarations     -DNDEBUG -fPIC -Wall -Wno-deprecated-declarations -fno-common  ";
				OTHER_LIBTOOLFLAGS = " ";
				OTHER_REZFLAGS = "";
				PRODUCT_NAME = glfw_objects;
				SECTORDER_FLAGS = "";
				SYMROOT = "/Users/natkham/Desktop/cs184/projects/p4-clothsim-natkham/xcode/ext/nanogui/ext_build/glfw/src";
				USE_HEADERMAP = NO;
				WARNING_CFLAGS = ("-Wmost","-Wno-four-char-constants","-Wno-unknown-pragmas","$(inherited)");
			};
			name = Release;
		};
		0A3BC7FE68D04B358A1E9845 /* Debug */ = {
			isa = XCBuildConfiguration;
			buildSettings = {
				ONLY_ACTIVE_ARCH = YES;
				SDKROOT = /Applications/Xcode.app/Contents/Developer/Platforms/MacOSX.platform/Developer/SDKs/MacOSX10.14.sdk;
				SYMROOT = "/Users/natkham/Desktop/cs184/projects/p4-clothsim-natkham/xcode/ext/nanogui/ext_build/glfw/build";
			};
			name = Debug;
		};
		23231246892C4992B585476C /* Release */ = {
			isa = XCBuildConfiguration;
			buildSettings = {
				COMBINE_HIDPI_IMAGES = YES;
				GCC_GENERATE_DEBUGGING_SYMBOLS = YES;
				GCC_INLINES_ARE_PRIVATE_EXTERN = NO;
				GCC_OPTIMIZATION_LEVEL = 0;
				GCC_PREPROCESSOR_DEFINITIONS = ("'CMAKE_INTDIR=\"$(CONFIGURATION)$(EFFECTIVE_PLATFORM_NAME)\"'");
				GCC_SYMBOLS_PRIVATE_EXTERN = NO;
				INSTALL_PATH = "";
				OTHER_LDFLAGS = " ";
				OTHER_REZFLAGS = "";
				PRODUCT_NAME = ZERO_CHECK;
				SECTORDER_FLAGS = "";
				SYMROOT = "/Users/natkham/Desktop/cs184/projects/p4-clothsim-natkham/xcode/ext/nanogui/ext_build/glfw";
				USE_HEADERMAP = NO;
				WARNING_CFLAGS = ("-Wmost","-Wno-four-char-constants","-Wno-unknown-pragmas","$(inherited)");
			};
			name = Release;
		};
		2479C8E142504A79BBDBC73E /* MinSizeRel */ = {
			isa = XCBuildConfiguration;
			buildSettings = {
				COMBINE_HIDPI_IMAGES = YES;
				GCC_GENERATE_DEBUGGING_SYMBOLS = YES;
				GCC_INLINES_ARE_PRIVATE_EXTERN = NO;
				GCC_OPTIMIZATION_LEVEL = 0;
				GCC_PREPROCESSOR_DEFINITIONS = ("'CMAKE_INTDIR=\"$(CONFIGURATION)$(EFFECTIVE_PLATFORM_NAME)\"'");
				GCC_SYMBOLS_PRIVATE_EXTERN = NO;
				INSTALL_PATH = "";
				OTHER_LDFLAGS = " ";
				OTHER_REZFLAGS = "";
				PRODUCT_NAME = install;
				SECTORDER_FLAGS = "";
				SYMROOT = "/Users/natkham/Desktop/cs184/projects/p4-clothsim-natkham/xcode/ext/nanogui/ext_build/glfw";
				USE_HEADERMAP = NO;
				WARNING_CFLAGS = ("-Wmost","-Wno-four-char-constants","-Wno-unknown-pragmas","$(inherited)");
			};
			name = MinSizeRel;
		};
		254D4FC6749944F881DE2816 /* MinSizeRel */ = {
			isa = XCBuildConfiguration;
			buildSettings = {
				COMBINE_HIDPI_IMAGES = YES;
				CONFIGURATION_BUILD_DIR = "/Users/natkham/Desktop/cs184/projects/p4-clothsim-natkham/xcode/ext/nanogui/ext_build/glfw/src/GLFW.build/MinSizeRel/glfw_objects.build/";
				GCC_GENERATE_DEBUGGING_SYMBOLS = NO;
				GCC_INLINES_ARE_PRIVATE_EXTERN = NO;
				GCC_OPTIMIZATION_LEVEL = s;
				GCC_PREPROCESSOR_DEFINITIONS = ("'CMAKE_INTDIR=\"$(CONFIGURATION)$(EFFECTIVE_PLATFORM_NAME)\"'",_GLFW_USE_CONFIG_H);
				GCC_SYMBOLS_PRIVATE_EXTERN = NO;
				HEADER_SEARCH_PATHS = ("/Users/natkham/Desktop/cs184/projects/p4-clothsim-natkham/ext/nanogui/ext/glfw/include","/Users/natkham/Desktop/cs184/projects/p4-clothsim-natkham/ext/nanogui/ext/glfw/src","/Users/natkham/Desktop/cs184/projects/p4-clothsim-natkham/xcode/ext/nanogui/ext_build/glfw/src");
				INSTALL_PATH = "";
				LIBRARY_STYLE = STATIC;
				OTHER_CFLAGS = " -Wno-deprecated-declarations     -DNDEBUG -fPIC -Wall -Wno-deprecated-declarations -fno-common  ";
				OTHER_LIBTOOLFLAGS = " ";
				OTHER_REZFLAGS = "";
				PRODUCT_NAME = glfw_objects;
				SECTORDER_FLAGS = "";
				SYMROOT = "/Users/natkham/Desktop/cs184/projects/p4-clothsim-natkham/xcode/ext/nanogui/ext_build/glfw/src";
				USE_HEADERMAP = NO;
				WARNING_CFLAGS = ("-Wmost","-Wno-four-char-constants","-Wno-unknown-pragmas","$(inherited)");
			};
			name = MinSizeRel;
		};
		2A997AB28EBB42088AC9B056 /* Debug */ = {
			isa = XCBuildConfiguration;
			buildSettings = {
				COMBINE_HIDPI_IMAGES = YES;
				GCC_GENERATE_DEBUGGING_SYMBOLS = YES;
				GCC_INLINES_ARE_PRIVATE_EXTERN = NO;
				GCC_OPTIMIZATION_LEVEL = 0;
				GCC_PREPROCESSOR_DEFINITIONS = ("'CMAKE_INTDIR=\"$(CONFIGURATION)$(EFFECTIVE_PLATFORM_NAME)\"'");
				GCC_SYMBOLS_PRIVATE_EXTERN = NO;
				INSTALL_PATH = "";
				OTHER_LDFLAGS = " ";
				OTHER_REZFLAGS = "";
				PRODUCT_NAME = ZERO_CHECK;
				SECTORDER_FLAGS = "";
				SYMROOT = "/Users/natkham/Desktop/cs184/projects/p4-clothsim-natkham/xcode/ext/nanogui/ext_build/glfw";
				USE_HEADERMAP = NO;
				WARNING_CFLAGS = ("-Wmost","-Wno-four-char-constants","-Wno-unknown-pragmas","$(inherited)");
			};
			name = Debug;
		};
		3E70CB940BF94C119BE8ED90 /* Release */ = {
			isa = XCBuildConfiguration;
			buildSettings = {
				COMBINE_HIDPI_IMAGES = YES;
				GCC_GENERATE_DEBUGGING_SYMBOLS = YES;
				GCC_INLINES_ARE_PRIVATE_EXTERN = NO;
				GCC_OPTIMIZATION_LEVEL = 0;
				GCC_PREPROCESSOR_DEFINITIONS = ("'CMAKE_INTDIR=\"$(CONFIGURATION)$(EFFECTIVE_PLATFORM_NAME)\"'");
				GCC_SYMBOLS_PRIVATE_EXTERN = NO;
				INSTALL_PATH = "";
				OTHER_LDFLAGS = " ";
				OTHER_REZFLAGS = "";
				PRODUCT_NAME = ALL_BUILD;
				SECTORDER_FLAGS = "";
				SYMROOT = "/Users/natkham/Desktop/cs184/projects/p4-clothsim-natkham/xcode/ext/nanogui/ext_build/glfw";
				USE_HEADERMAP = NO;
				WARNING_CFLAGS = ("-Wmost","-Wno-four-char-constants","-Wno-unknown-pragmas","$(inherited)");
			};
			name = Release;
		};
		47F3D1E0AF7C49489D2AF4A4 /* MinSizeRel */ = {
			isa = XCBuildConfiguration;
			buildSettings = {
				COMBINE_HIDPI_IMAGES = YES;
				GCC_GENERATE_DEBUGGING_SYMBOLS = YES;
				GCC_INLINES_ARE_PRIVATE_EXTERN = NO;
				GCC_OPTIMIZATION_LEVEL = 0;
				GCC_PREPROCESSOR_DEFINITIONS = ("'CMAKE_INTDIR=\"$(CONFIGURATION)$(EFFECTIVE_PLATFORM_NAME)\"'");
				GCC_SYMBOLS_PRIVATE_EXTERN = NO;
				INSTALL_PATH = "";
				OTHER_LDFLAGS = " ";
				OTHER_REZFLAGS = "";
				PRODUCT_NAME = ZERO_CHECK;
				SECTORDER_FLAGS = "";
				SYMROOT = "/Users/natkham/Desktop/cs184/projects/p4-clothsim-natkham/xcode/ext/nanogui/ext_build/glfw";
				USE_HEADERMAP = NO;
				WARNING_CFLAGS = ("-Wmost","-Wno-four-char-constants","-Wno-unknown-pragmas","$(inherited)");
			};
			name = MinSizeRel;
		};
		49AD027EA3C54DCDB3951B03 /* Release */ = {
			isa = XCBuildConfiguration;
			buildSettings = {
				ONLY_ACTIVE_ARCH = YES;
				SDKROOT = /Applications/Xcode.app/Contents/Developer/Platforms/MacOSX.platform/Developer/SDKs/MacOSX10.14.sdk;
				SYMROOT = "/Users/natkham/Desktop/cs184/projects/p4-clothsim-natkham/xcode/ext/nanogui/ext_build/glfw/build";
			};
			name = Release;
		};
		5A7F4A446387473395E6461A /* RelWithDebInfo */ = {
			isa = XCBuildConfiguration;
			buildSettings = {
				COMBINE_HIDPI_IMAGES = YES;
				GCC_GENERATE_DEBUGGING_SYMBOLS = YES;
				GCC_INLINES_ARE_PRIVATE_EXTERN = NO;
				GCC_OPTIMIZATION_LEVEL = 0;
				GCC_PREPROCESSOR_DEFINITIONS = ("'CMAKE_INTDIR=\"$(CONFIGURATION)$(EFFECTIVE_PLATFORM_NAME)\"'");
				GCC_SYMBOLS_PRIVATE_EXTERN = NO;
				INSTALL_PATH = "";
				OTHER_LDFLAGS = " ";
				OTHER_REZFLAGS = "";
				PRODUCT_NAME = ALL_BUILD;
				SECTORDER_FLAGS = "";
				SYMROOT = "/Users/natkham/Desktop/cs184/projects/p4-clothsim-natkham/xcode/ext/nanogui/ext_build/glfw";
				USE_HEADERMAP = NO;
				WARNING_CFLAGS = ("-Wmost","-Wno-four-char-constants","-Wno-unknown-pragmas","$(inherited)");
			};
			name = RelWithDebInfo;
		};
		71305B706E4244F7BA8CCC13 /* RelWithDebInfo */ = {
			isa = XCBuildConfiguration;
			buildSettings = {
				COMBINE_HIDPI_IMAGES = YES;
				GCC_GENERATE_DEBUGGING_SYMBOLS = YES;
				GCC_INLINES_ARE_PRIVATE_EXTERN = NO;
				GCC_OPTIMIZATION_LEVEL = 0;
				GCC_PREPROCESSOR_DEFINITIONS = ("'CMAKE_INTDIR=\"$(CONFIGURATION)$(EFFECTIVE_PLATFORM_NAME)\"'");
				GCC_SYMBOLS_PRIVATE_EXTERN = NO;
				INSTALL_PATH = "";
				OTHER_LDFLAGS = " ";
				OTHER_REZFLAGS = "";
				PRODUCT_NAME = ZERO_CHECK;
				SECTORDER_FLAGS = "";
				SYMROOT = "/Users/natkham/Desktop/cs184/projects/p4-clothsim-natkham/xcode/ext/nanogui/ext_build/glfw";
				USE_HEADERMAP = NO;
				WARNING_CFLAGS = ("-Wmost","-Wno-four-char-constants","-Wno-unknown-pragmas","$(inherited)");
			};
			name = RelWithDebInfo;
		};
		81CEAAABC2A94B2DAA144130 /* Debug */ = {
			isa = XCBuildConfiguration;
			buildSettings = {
				COMBINE_HIDPI_IMAGES = YES;
				CONFIGURATION_BUILD_DIR = "/Users/natkham/Desktop/cs184/projects/p4-clothsim-natkham/xcode/ext/nanogui/ext_build/glfw/src/GLFW.build/Debug/glfw_objects.build/";
				GCC_GENERATE_DEBUGGING_SYMBOLS = YES;
				GCC_INLINES_ARE_PRIVATE_EXTERN = NO;
				GCC_OPTIMIZATION_LEVEL = 0;
				GCC_PREPROCESSOR_DEFINITIONS = ("'CMAKE_INTDIR=\"$(CONFIGURATION)$(EFFECTIVE_PLATFORM_NAME)\"'",_GLFW_USE_CONFIG_H);
				GCC_SYMBOLS_PRIVATE_EXTERN = NO;
				HEADER_SEARCH_PATHS = ("/Users/natkham/Desktop/cs184/projects/p4-clothsim-natkham/ext/nanogui/ext/glfw/include","/Users/natkham/Desktop/cs184/projects/p4-clothsim-natkham/ext/nanogui/ext/glfw/src","/Users/natkham/Desktop/cs184/projects/p4-clothsim-natkham/xcode/ext/nanogui/ext_build/glfw/src");
				INSTALL_PATH = "";
				LIBRARY_STYLE = STATIC;
				OTHER_CFLAGS = " -Wno-deprecated-declarations    -fPIC -Wall -Wno-deprecated-declarations -fno-common  ";
				OTHER_LIBTOOLFLAGS = " ";
				OTHER_REZFLAGS = "";
				PRODUCT_NAME = glfw_objects;
				SECTORDER_FLAGS = "";
				SYMROOT = "/Users/natkham/Desktop/cs184/projects/p4-clothsim-natkham/xcode/ext/nanogui/ext_build/glfw/src";
				USE_HEADERMAP = NO;
				WARNING_CFLAGS = ("-Wmost","-Wno-four-char-constants","-Wno-unknown-pragmas","$(inherited)");
			};
			name = Debug;
		};
		87203FD3F2984205AB6AE008 /* Debug */ = {
			isa = XCBuildConfiguration;
			buildSettings = {
				COMBINE_HIDPI_IMAGES = YES;
				GCC_GENERATE_DEBUGGING_SYMBOLS = YES;
				GCC_INLINES_ARE_PRIVATE_EXTERN = NO;
				GCC_OPTIMIZATION_LEVEL = 0;
				GCC_PREPROCESSOR_DEFINITIONS = ("'CMAKE_INTDIR=\"$(CONFIGURATION)$(EFFECTIVE_PLATFORM_NAME)\"'");
				GCC_SYMBOLS_PRIVATE_EXTERN = NO;
				INSTALL_PATH = "";
				OTHER_LDFLAGS = " ";
				OTHER_REZFLAGS = "";
				PRODUCT_NAME = ALL_BUILD;
				SECTORDER_FLAGS = "";
				SYMROOT = "/Users/natkham/Desktop/cs184/projects/p4-clothsim-natkham/xcode/ext/nanogui/ext_build/glfw";
				USE_HEADERMAP = NO;
				WARNING_CFLAGS = ("-Wmost","-Wno-four-char-constants","-Wno-unknown-pragmas","$(inherited)");
			};
			name = Debug;
		};
		9FB652ED7FB94E36897AAE34 /* Debug */ = {
			isa = XCBuildConfiguration;
			buildSettings = {
				COMBINE_HIDPI_IMAGES = YES;
				GCC_GENERATE_DEBUGGING_SYMBOLS = YES;
				GCC_INLINES_ARE_PRIVATE_EXTERN = NO;
				GCC_OPTIMIZATION_LEVEL = 0;
				GCC_PREPROCESSOR_DEFINITIONS = ("'CMAKE_INTDIR=\"$(CONFIGURATION)$(EFFECTIVE_PLATFORM_NAME)\"'");
				GCC_SYMBOLS_PRIVATE_EXTERN = NO;
				INSTALL_PATH = "";
				OTHER_LDFLAGS = " ";
				OTHER_REZFLAGS = "";
				PRODUCT_NAME = install;
				SECTORDER_FLAGS = "";
				SYMROOT = "/Users/natkham/Desktop/cs184/projects/p4-clothsim-natkham/xcode/ext/nanogui/ext_build/glfw";
				USE_HEADERMAP = NO;
				WARNING_CFLAGS = ("-Wmost","-Wno-four-char-constants","-Wno-unknown-pragmas","$(inherited)");
			};
			name = Debug;
		};
		C1E71F0F545D4A9FAE6B5C62 /* Release */ = {
			isa = XCBuildConfiguration;
			buildSettings = {
				COMBINE_HIDPI_IMAGES = YES;
				DYLIB_COMPATIBILITY_VERSION = 3.0.0;
				DYLIB_CURRENT_VERSION = 3.2.0;
				EXECUTABLE_PREFIX = lib;
				EXECUTABLE_SUFFIX = .dylib;
				GCC_GENERATE_DEBUGGING_SYMBOLS = NO;
				GCC_INLINES_ARE_PRIVATE_EXTERN = NO;
				GCC_OPTIMIZATION_LEVEL = 3;
				GCC_PREPROCESSOR_DEFINITIONS = ("'CMAKE_INTDIR=\"$(CONFIGURATION)$(EFFECTIVE_PLATFORM_NAME)\"'",glfw_EXPORTS);
				GCC_SYMBOLS_PRIVATE_EXTERN = NO;
				INSTALL_PATH = "";
				LIBRARY_SEARCH_PATHS = "";
				LIBRARY_STYLE = DYNAMIC;
				OTHER_CFLAGS = " -Wno-deprecated-declarations     -DNDEBUG -fPIC  ";
				OTHER_LDFLAGS = " -dynamiclib -Wl,-headerpad_max_install_names -install_name @rpath/libglfw.3.dylib /Users/natkham/Desktop/cs184/projects/p4-clothsim-natkham/xcode/ext/nanogui/ext_build/glfw/src/$(PROJECT_NAME).build/$(CONFIGURATION)$(EFFECTIVE_PLATFORM_NAME)/glfw_objects.build/$(OBJECT_FILE_DIR_normal:base)/x86_64/context.o /Users/natkham/Desktop/cs184/projects/p4-clothsim-natkham/xcode/ext/nanogui/ext_build/glfw/src/$(PROJECT_NAME).build/$(CONFIGURATION)$(EFFECTIVE_PLATFORM_NAME)/glfw_objects.build/$(OBJECT_FILE_DIR_normal:base)/x86_64/init.o /Users/natkham/Desktop/cs184/projects/p4-clothsim-natkham/xcode/ext/nanogui/ext_build/glfw/src/$(PROJECT_NAME).build/$(CONFIGURATION)$(EFFECTIVE_PLATFORM_NAME)/glfw_objects.build/$(OBJECT_FILE_DIR_normal:base)/x86_64/input.o /Users/natkham/Desktop/cs184/projects/p4-clothsim-natkham/xcode/ext/nanogui/ext_build/glfw/src/$(PROJECT_NAME).build/$(CONFIGURATION)$(EFFECTIVE_PLATFORM_NAME)/glfw_objects.build/$(OBJECT_FILE_DIR_normal:base)/x86_64/monitor.o /Users/natkham/Desktop/cs184/projects/p4-clothsim-natkham/xcode/ext/nanogui/ext_build/glfw/src/$(PROJECT_NAME).build/$(CONFIGURATION)$(EFFECTIVE_PLATFORM_NAME)/glfw_objects.build/$(OBJECT_FILE_DIR_normal:base)/x86_64/vulkan.o /Users/natkham/Desktop/cs184/projects/p4-clothsim-natkham/xcode/ext/nanogui/ext_build/glfw/src/$(PROJECT_NAME).build/$(CONFIGURATION)$(EFFECTIVE_PLATFORM_NAME)/glfw_objects.build/$(OBJECT_FILE_DIR_normal:base)/x86_64/window.o /Users/natkham/Desktop/cs184/projects/p4-clothsim-natkham/xcode/ext/nanogui/ext_build/glfw/src/$(PROJECT_NAME).build/$(CONFIGURATION)$(EFFECTIVE_PLATFORM_NAME)/glfw_objects.build/$(OBJECT_FILE_DIR_normal:base)/x86_64/cocoa_init.o /Users/natkham/Desktop/cs184/projects/p4-clothsim-natkham/xcode/ext/nanogui/ext_build/glfw/src/$(PROJECT_NAME).build/$(CONFIGURATION)$(EFFECTIVE_PLATFORM_NAME)/glfw_objects.build/$(OBJECT_FILE_DIR_normal:base)/x86_64/cocoa_joystick.o /Users/natkham/Desktop/cs184/projects/p4-clothsim-natkham/xcode/ext/nanogui/ext_build/glfw/src/$(PROJECT_NAME).build/$(CONFIGURATION)$(EFFECTIVE_PLATFORM_NAME)/glfw_objects.build/$(OBJECT_FILE_DIR_normal:base)/x86_64/cocoa_monitor.o /Users/natkham/Desktop/cs184/projects/p4-clothsim-natkham/xcode/ext/nanogui/ext_build/glfw/src/$(PROJECT_NAME).build/$(CONFIGURATION)$(EFFECTIVE_PLATFORM_NAME)/glfw_objects.build/$(OBJECT_FILE_DIR_normal:base)/x86_64/cocoa_window.o /Users/natkham/Desktop/cs184/projects/p4-clothsim-natkham/xcode/ext/nanogui/ext_build/glfw/src/$(PROJECT_NAME).build/$(CONFIGURATION)$(EFFECTIVE_PLATFORM_NAME)/glfw_objects.build/$(OBJECT_FILE_DIR_normal:base)/x86_64/cocoa_time.o /Users/natkham/Desktop/cs184/projects/p4-clothsim-natkham/xcode/ext/nanogui/ext_build/glfw/src/$(PROJECT_NAME).build/$(CONFIGURATION)$(EFFECTIVE_PLATFORM_NAME)/glfw_objects.build/$(OBJECT_FILE_DIR_normal:base)/x86_64/posix_tls.o /Users/natkham/Desktop/cs184/projects/p4-clothsim-natkham/xcode/ext/nanogui/ext_build/glfw/src/$(PROJECT_NAME).build/$(CONFIGURATION)$(EFFECTIVE_PLATFORM_NAME)/glfw_objects.build/$(OBJECT_FILE_DIR_normal:base)/x86_64/nsgl_context.o -framework Cocoa -framework IOKit -framework CoreFoundation -framework CoreVideo";
				OTHER_REZFLAGS = "";
				PRODUCT_NAME = glfw.3.2;
				SECTORDER_FLAGS = "";
				SYMROOT = "/Users/natkham/Desktop/cs184/projects/p4-clothsim-natkham/xcode/ext/nanogui/ext_build/glfw/src";
				USE_HEADERMAP = NO;
				WARNING_CFLAGS = ("-Wmost","-Wno-four-char-constants","-Wno-unknown-pragmas","$(inherited)");
			};
			name = Release;
		};
		D0943BEE4FF3455AB0C63B9D /* RelWithDebInfo */ = {
			isa = XCBuildConfiguration;
			buildSettings = {
				COMBINE_HIDPI_IMAGES = YES;
				GCC_GENERATE_DEBUGGING_SYMBOLS = YES;
				GCC_INLINES_ARE_PRIVATE_EXTERN = NO;
				GCC_OPTIMIZATION_LEVEL = 0;
				GCC_PREPROCESSOR_DEFINITIONS = ("'CMAKE_INTDIR=\"$(CONFIGURATION)$(EFFECTIVE_PLATFORM_NAME)\"'");
				GCC_SYMBOLS_PRIVATE_EXTERN = NO;
				INSTALL_PATH = "";
				OTHER_LDFLAGS = " ";
				OTHER_REZFLAGS = "";
				PRODUCT_NAME = install;
				SECTORDER_FLAGS = "";
				SYMROOT = "/Users/natkham/Desktop/cs184/projects/p4-clothsim-natkham/xcode/ext/nanogui/ext_build/glfw";
				USE_HEADERMAP = NO;
				WARNING_CFLAGS = ("-Wmost","-Wno-four-char-constants","-Wno-unknown-pragmas","$(inherited)");
			};
			name = RelWithDebInfo;
		};
		D48F52B42F4248AAB4405E50 /* MinSizeRel */ = {
			isa = XCBuildConfiguration;
			buildSettings = {
				COMBINE_HIDPI_IMAGES = YES;
				GCC_GENERATE_DEBUGGING_SYMBOLS = YES;
				GCC_INLINES_ARE_PRIVATE_EXTERN = NO;
				GCC_OPTIMIZATION_LEVEL = 0;
				GCC_PREPROCESSOR_DEFINITIONS = ("'CMAKE_INTDIR=\"$(CONFIGURATION)$(EFFECTIVE_PLATFORM_NAME)\"'");
				GCC_SYMBOLS_PRIVATE_EXTERN = NO;
				INSTALL_PATH = "";
				OTHER_LDFLAGS = " ";
				OTHER_REZFLAGS = "";
				PRODUCT_NAME = ALL_BUILD;
				SECTORDER_FLAGS = "";
				SYMROOT = "/Users/natkham/Desktop/cs184/projects/p4-clothsim-natkham/xcode/ext/nanogui/ext_build/glfw";
				USE_HEADERMAP = NO;
				WARNING_CFLAGS = ("-Wmost","-Wno-four-char-constants","-Wno-unknown-pragmas","$(inherited)");
			};
			name = MinSizeRel;
		};
		D77C924E811B40019D1A9432 /* Debug */ = {
			isa = XCBuildConfiguration;
			buildSettings = {
				COMBINE_HIDPI_IMAGES = YES;
				DYLIB_COMPATIBILITY_VERSION = 3.0.0;
				DYLIB_CURRENT_VERSION = 3.2.0;
				EXECUTABLE_PREFIX = lib;
				EXECUTABLE_SUFFIX = .dylib;
				GCC_GENERATE_DEBUGGING_SYMBOLS = YES;
				GCC_INLINES_ARE_PRIVATE_EXTERN = NO;
				GCC_OPTIMIZATION_LEVEL = 0;
				GCC_PREPROCESSOR_DEFINITIONS = ("'CMAKE_INTDIR=\"$(CONFIGURATION)$(EFFECTIVE_PLATFORM_NAME)\"'",glfw_EXPORTS);
				GCC_SYMBOLS_PRIVATE_EXTERN = NO;
				INSTALL_PATH = "";
				LIBRARY_SEARCH_PATHS = "";
				LIBRARY_STYLE = DYNAMIC;
				OTHER_CFLAGS = " -Wno-deprecated-declarations    -fPIC  ";
				OTHER_LDFLAGS = " -dynamiclib -Wl,-headerpad_max_install_names -install_name @rpath/libglfw.3.dylib /Users/natkham/Desktop/cs184/projects/p4-clothsim-natkham/xcode/ext/nanogui/ext_build/glfw/src/$(PROJECT_NAME).build/$(CONFIGURATION)$(EFFECTIVE_PLATFORM_NAME)/glfw_objects.build/$(OBJECT_FILE_DIR_normal:base)/x86_64/context.o /Users/natkham/Desktop/cs184/projects/p4-clothsim-natkham/xcode/ext/nanogui/ext_build/glfw/src/$(PROJECT_NAME).build/$(CONFIGURATION)$(EFFECTIVE_PLATFORM_NAME)/glfw_objects.build/$(OBJECT_FILE_DIR_normal:base)/x86_64/init.o /Users/natkham/Desktop/cs184/projects/p4-clothsim-natkham/xcode/ext/nanogui/ext_build/glfw/src/$(PROJECT_NAME).build/$(CONFIGURATION)$(EFFECTIVE_PLATFORM_NAME)/glfw_objects.build/$(OBJECT_FILE_DIR_normal:base)/x86_64/input.o /Users/natkham/Desktop/cs184/projects/p4-clothsim-natkham/xcode/ext/nanogui/ext_build/glfw/src/$(PROJECT_NAME).build/$(CONFIGURATION)$(EFFECTIVE_PLATFORM_NAME)/glfw_objects.build/$(OBJECT_FILE_DIR_normal:base)/x86_64/monitor.o /Users/natkham/Desktop/cs184/projects/p4-clothsim-natkham/xcode/ext/nanogui/ext_build/glfw/src/$(PROJECT_NAME).build/$(CONFIGURATION)$(EFFECTIVE_PLATFORM_NAME)/glfw_objects.build/$(OBJECT_FILE_DIR_normal:base)/x86_64/vulkan.o /Users/natkham/Desktop/cs184/projects/p4-clothsim-natkham/xcode/ext/nanogui/ext_build/glfw/src/$(PROJECT_NAME).build/$(CONFIGURATION)$(EFFECTIVE_PLATFORM_NAME)/glfw_objects.build/$(OBJECT_FILE_DIR_normal:base)/x86_64/window.o /Users/natkham/Desktop/cs184/projects/p4-clothsim-natkham/xcode/ext/nanogui/ext_build/glfw/src/$(PROJECT_NAME).build/$(CONFIGURATION)$(EFFECTIVE_PLATFORM_NAME)/glfw_objects.build/$(OBJECT_FILE_DIR_normal:base)/x86_64/cocoa_init.o /Users/natkham/Desktop/cs184/projects/p4-clothsim-natkham/xcode/ext/nanogui/ext_build/glfw/src/$(PROJECT_NAME).build/$(CONFIGURATION)$(EFFECTIVE_PLATFORM_NAME)/glfw_objects.build/$(OBJECT_FILE_DIR_normal:base)/x86_64/cocoa_joystick.o /Users/natkham/Desktop/cs184/projects/p4-clothsim-natkham/xcode/ext/nanogui/ext_build/glfw/src/$(PROJECT_NAME).build/$(CONFIGURATION)$(EFFECTIVE_PLATFORM_NAME)/glfw_objects.build/$(OBJECT_FILE_DIR_normal:base)/x86_64/cocoa_monitor.o /Users/natkham/Desktop/cs184/projects/p4-clothsim-natkham/xcode/ext/nanogui/ext_build/glfw/src/$(PROJECT_NAME).build/$(CONFIGURATION)$(EFFECTIVE_PLATFORM_NAME)/glfw_objects.build/$(OBJECT_FILE_DIR_normal:base)/x86_64/cocoa_window.o /Users/natkham/Desktop/cs184/projects/p4-clothsim-natkham/xcode/ext/nanogui/ext_build/glfw/src/$(PROJECT_NAME).build/$(CONFIGURATION)$(EFFECTIVE_PLATFORM_NAME)/glfw_objects.build/$(OBJECT_FILE_DIR_normal:base)/x86_64/cocoa_time.o /Users/natkham/Desktop/cs184/projects/p4-clothsim-natkham/xcode/ext/nanogui/ext_build/glfw/src/$(PROJECT_NAME).build/$(CONFIGURATION)$(EFFECTIVE_PLATFORM_NAME)/glfw_objects.build/$(OBJECT_FILE_DIR_normal:base)/x86_64/posix_tls.o /Users/natkham/Desktop/cs184/projects/p4-clothsim-natkham/xcode/ext/nanogui/ext_build/glfw/src/$(PROJECT_NAME).build/$(CONFIGURATION)$(EFFECTIVE_PLATFORM_NAME)/glfw_objects.build/$(OBJECT_FILE_DIR_normal:base)/x86_64/nsgl_context.o -framework Cocoa -framework IOKit -framework CoreFoundation -framework CoreVideo";
				OTHER_REZFLAGS = "";
				PRODUCT_NAME = glfw.3.2;
				SECTORDER_FLAGS = "";
				SYMROOT = "/Users/natkham/Desktop/cs184/projects/p4-clothsim-natkham/xcode/ext/nanogui/ext_build/glfw/src";
				USE_HEADERMAP = NO;
				WARNING_CFLAGS = ("-Wmost","-Wno-four-char-constants","-Wno-unknown-pragmas","$(inherited)");
			};
			name = Debug;
		};
		DE1A3B7F8C6D4170A60CE4EA /* Release */ = {
			isa = XCBuildConfiguration;
			buildSettings = {
				COMBINE_HIDPI_IMAGES = YES;
				GCC_GENERATE_DEBUGGING_SYMBOLS = YES;
				GCC_INLINES_ARE_PRIVATE_EXTERN = NO;
				GCC_OPTIMIZATION_LEVEL = 0;
				GCC_PREPROCESSOR_DEFINITIONS = ("'CMAKE_INTDIR=\"$(CONFIGURATION)$(EFFECTIVE_PLATFORM_NAME)\"'");
				GCC_SYMBOLS_PRIVATE_EXTERN = NO;
				INSTALL_PATH = "";
				OTHER_LDFLAGS = " ";
				OTHER_REZFLAGS = "";
				PRODUCT_NAME = install;
				SECTORDER_FLAGS = "";
				SYMROOT = "/Users/natkham/Desktop/cs184/projects/p4-clothsim-natkham/xcode/ext/nanogui/ext_build/glfw";
				USE_HEADERMAP = NO;
				WARNING_CFLAGS = ("-Wmost","-Wno-four-char-constants","-Wno-unknown-pragmas","$(inherited)");
			};
			name = Release;
		};
		EC4EE78316E04724804D1295 /* RelWithDebInfo */ = {
			isa = XCBuildConfiguration;
			buildSettings = {
				COMBINE_HIDPI_IMAGES = YES;
				CONFIGURATION_BUILD_DIR = "/Users/natkham/Desktop/cs184/projects/p4-clothsim-natkham/xcode/ext/nanogui/ext_build/glfw/src/GLFW.build/RelWithDebInfo/glfw_objects.build/";
				GCC_GENERATE_DEBUGGING_SYMBOLS = YES;
				GCC_INLINES_ARE_PRIVATE_EXTERN = NO;
				GCC_OPTIMIZATION_LEVEL = 2;
				GCC_PREPROCESSOR_DEFINITIONS = ("'CMAKE_INTDIR=\"$(CONFIGURATION)$(EFFECTIVE_PLATFORM_NAME)\"'",_GLFW_USE_CONFIG_H);
				GCC_SYMBOLS_PRIVATE_EXTERN = NO;
				HEADER_SEARCH_PATHS = ("/Users/natkham/Desktop/cs184/projects/p4-clothsim-natkham/ext/nanogui/ext/glfw/include","/Users/natkham/Desktop/cs184/projects/p4-clothsim-natkham/ext/nanogui/ext/glfw/src","/Users/natkham/Desktop/cs184/projects/p4-clothsim-natkham/xcode/ext/nanogui/ext_build/glfw/src");
				INSTALL_PATH = "";
				LIBRARY_STYLE = STATIC;
				OTHER_CFLAGS = " -Wno-deprecated-declarations        -DNDEBUG -fPIC -Wall -Wno-deprecated-declarations -fno-common  ";
				OTHER_LIBTOOLFLAGS = " ";
				OTHER_REZFLAGS = "";
				PRODUCT_NAME = glfw_objects;
				SECTORDER_FLAGS = "";
				SYMROOT = "/Users/natkham/Desktop/cs184/projects/p4-clothsim-natkham/xcode/ext/nanogui/ext_build/glfw/src";
				USE_HEADERMAP = NO;
				WARNING_CFLAGS = ("-Wmost","-Wno-four-char-constants","-Wno-unknown-pragmas","$(inherited)");
			};
			name = RelWithDebInfo;
		};
		EEDA9099117B4D8B9F1A4AE8 /* RelWithDebInfo */ = {
			isa = XCBuildConfiguration;
			buildSettings = {
				ONLY_ACTIVE_ARCH = YES;
				SDKROOT = /Applications/Xcode.app/Contents/Developer/Platforms/MacOSX.platform/Developer/SDKs/MacOSX10.14.sdk;
				SYMROOT = "/Users/natkham/Desktop/cs184/projects/p4-clothsim-natkham/xcode/ext/nanogui/ext_build/glfw/build";
			};
			name = RelWithDebInfo;
		};
		F29475B94A614528A586327F /* MinSizeRel */ = {
			isa = XCBuildConfiguration;
			buildSettings = {
				COMBINE_HIDPI_IMAGES = YES;
				DYLIB_COMPATIBILITY_VERSION = 3.0.0;
				DYLIB_CURRENT_VERSION = 3.2.0;
				EXECUTABLE_PREFIX = lib;
				EXECUTABLE_SUFFIX = .dylib;
				GCC_GENERATE_DEBUGGING_SYMBOLS = NO;
				GCC_INLINES_ARE_PRIVATE_EXTERN = NO;
				GCC_OPTIMIZATION_LEVEL = s;
				GCC_PREPROCESSOR_DEFINITIONS = ("'CMAKE_INTDIR=\"$(CONFIGURATION)$(EFFECTIVE_PLATFORM_NAME)\"'",glfw_EXPORTS);
				GCC_SYMBOLS_PRIVATE_EXTERN = NO;
				INSTALL_PATH = "";
				LIBRARY_SEARCH_PATHS = "";
				LIBRARY_STYLE = DYNAMIC;
				OTHER_CFLAGS = " -Wno-deprecated-declarations     -DNDEBUG -fPIC  ";
				OTHER_LDFLAGS = " -dynamiclib -Wl,-headerpad_max_install_names -install_name @rpath/libglfw.3.dylib /Users/natkham/Desktop/cs184/projects/p4-clothsim-natkham/xcode/ext/nanogui/ext_build/glfw/src/$(PROJECT_NAME).build/$(CONFIGURATION)$(EFFECTIVE_PLATFORM_NAME)/glfw_objects.build/$(OBJECT_FILE_DIR_normal:base)/x86_64/context.o /Users/natkham/Desktop/cs184/projects/p4-clothsim-natkham/xcode/ext/nanogui/ext_build/glfw/src/$(PROJECT_NAME).build/$(CONFIGURATION)$(EFFECTIVE_PLATFORM_NAME)/glfw_objects.build/$(OBJECT_FILE_DIR_normal:base)/x86_64/init.o /Users/natkham/Desktop/cs184/projects/p4-clothsim-natkham/xcode/ext/nanogui/ext_build/glfw/src/$(PROJECT_NAME).build/$(CONFIGURATION)$(EFFECTIVE_PLATFORM_NAME)/glfw_objects.build/$(OBJECT_FILE_DIR_normal:base)/x86_64/input.o /Users/natkham/Desktop/cs184/projects/p4-clothsim-natkham/xcode/ext/nanogui/ext_build/glfw/src/$(PROJECT_NAME).build/$(CONFIGURATION)$(EFFECTIVE_PLATFORM_NAME)/glfw_objects.build/$(OBJECT_FILE_DIR_normal:base)/x86_64/monitor.o /Users/natkham/Desktop/cs184/projects/p4-clothsim-natkham/xcode/ext/nanogui/ext_build/glfw/src/$(PROJECT_NAME).build/$(CONFIGURATION)$(EFFECTIVE_PLATFORM_NAME)/glfw_objects.build/$(OBJECT_FILE_DIR_normal:base)/x86_64/vulkan.o /Users/natkham/Desktop/cs184/projects/p4-clothsim-natkham/xcode/ext/nanogui/ext_build/glfw/src/$(PROJECT_NAME).build/$(CONFIGURATION)$(EFFECTIVE_PLATFORM_NAME)/glfw_objects.build/$(OBJECT_FILE_DIR_normal:base)/x86_64/window.o /Users/natkham/Desktop/cs184/projects/p4-clothsim-natkham/xcode/ext/nanogui/ext_build/glfw/src/$(PROJECT_NAME).build/$(CONFIGURATION)$(EFFECTIVE_PLATFORM_NAME)/glfw_objects.build/$(OBJECT_FILE_DIR_normal:base)/x86_64/cocoa_init.o /Users/natkham/Desktop/cs184/projects/p4-clothsim-natkham/xcode/ext/nanogui/ext_build/glfw/src/$(PROJECT_NAME).build/$(CONFIGURATION)$(EFFECTIVE_PLATFORM_NAME)/glfw_objects.build/$(OBJECT_FILE_DIR_normal:base)/x86_64/cocoa_joystick.o /Users/natkham/Desktop/cs184/projects/p4-clothsim-natkham/xcode/ext/nanogui/ext_build/glfw/src/$(PROJECT_NAME).build/$(CONFIGURATION)$(EFFECTIVE_PLATFORM_NAME)/glfw_objects.build/$(OBJECT_FILE_DIR_normal:base)/x86_64/cocoa_monitor.o /Users/natkham/Desktop/cs184/projects/p4-clothsim-natkham/xcode/ext/nanogui/ext_build/glfw/src/$(PROJECT_NAME).build/$(CONFIGURATION)$(EFFECTIVE_PLATFORM_NAME)/glfw_objects.build/$(OBJECT_FILE_DIR_normal:base)/x86_64/cocoa_window.o /Users/natkham/Desktop/cs184/projects/p4-clothsim-natkham/xcode/ext/nanogui/ext_build/glfw/src/$(PROJECT_NAME).build/$(CONFIGURATION)$(EFFECTIVE_PLATFORM_NAME)/glfw_objects.build/$(OBJECT_FILE_DIR_normal:base)/x86_64/cocoa_time.o /Users/natkham/Desktop/cs184/projects/p4-clothsim-natkham/xcode/ext/nanogui/ext_build/glfw/src/$(PROJECT_NAME).build/$(CONFIGURATION)$(EFFECTIVE_PLATFORM_NAME)/glfw_objects.build/$(OBJECT_FILE_DIR_normal:base)/x86_64/posix_tls.o /Users/natkham/Desktop/cs184/projects/p4-clothsim-natkham/xcode/ext/nanogui/ext_build/glfw/src/$(PROJECT_NAME).build/$(CONFIGURATION)$(EFFECTIVE_PLATFORM_NAME)/glfw_objects.build/$(OBJECT_FILE_DIR_normal:base)/x86_64/nsgl_context.o -framework Cocoa -framework IOKit -framework CoreFoundation -framework CoreVideo";
				OTHER_REZFLAGS = "";
				PRODUCT_NAME = glfw.3.2;
				SECTORDER_FLAGS = "";
				SYMROOT = "/Users/natkham/Desktop/cs184/projects/p4-clothsim-natkham/xcode/ext/nanogui/ext_build/glfw/src";
				USE_HEADERMAP = NO;
				WARNING_CFLAGS = ("-Wmost","-Wno-four-char-constants","-Wno-unknown-pragmas","$(inherited)");
			};
			name = MinSizeRel;
		};
/* End XCBuildConfiguration section */

/* Begin XCConfigurationList section */
		03996B9E51E44634B38E5483 /* Build configuration list for PBXAggregateTarget "ZERO_CHECK" */ = {
			isa = XCConfigurationList;
			buildConfigurations = (
				2A997AB28EBB42088AC9B056 /* Debug */,
				23231246892C4992B585476C /* Release */,
				47F3D1E0AF7C49489D2AF4A4 /* MinSizeRel */,
				71305B706E4244F7BA8CCC13 /* RelWithDebInfo */,
			);
			defaultConfigurationIsVisible = 0;
			defaultConfigurationName = Debug;
		};
		0A379A5EC5CD466B99415FDB /* Build configuration list for PBXProject "GLFW" */ = {
			isa = XCConfigurationList;
			buildConfigurations = (
				0A3BC7FE68D04B358A1E9845 /* Debug */,
				49AD027EA3C54DCDB3951B03 /* Release */,
				035E1F07FD724E769932B239 /* MinSizeRel */,
				EEDA9099117B4D8B9F1A4AE8 /* RelWithDebInfo */,
			);
			defaultConfigurationIsVisible = 0;
			defaultConfigurationName = Debug;
		};
		1CC231B08EE446B38567D951 /* Build configuration list for PBXNativeTarget "glfw_objects" */ = {
			isa = XCConfigurationList;
			buildConfigurations = (
				81CEAAABC2A94B2DAA144130 /* Debug */,
				05D53DC567D34AB8BB09FEF5 /* Release */,
				254D4FC6749944F881DE2816 /* MinSizeRel */,
				EC4EE78316E04724804D1295 /* RelWithDebInfo */,
			);
			defaultConfigurationIsVisible = 0;
			defaultConfigurationName = Debug;
		};
		402D42F961704716B3F6A477 /* Build configuration list for PBXNativeTarget "glfw" */ = {
			isa = XCConfigurationList;
			buildConfigurations = (
				D77C924E811B40019D1A9432 /* Debug */,
				C1E71F0F545D4A9FAE6B5C62 /* Release */,
				F29475B94A614528A586327F /* MinSizeRel */,
				02EE87713FD44DE7A90B9E1D /* RelWithDebInfo */,
			);
			defaultConfigurationIsVisible = 0;
			defaultConfigurationName = Debug;
		};
		91A46E381BC8457A86C15ED6 /* Build configuration list for PBXAggregateTarget "install" */ = {
			isa = XCConfigurationList;
			buildConfigurations = (
				9FB652ED7FB94E36897AAE34 /* Debug */,
				DE1A3B7F8C6D4170A60CE4EA /* Release */,
				2479C8E142504A79BBDBC73E /* MinSizeRel */,
				D0943BEE4FF3455AB0C63B9D /* RelWithDebInfo */,
			);
			defaultConfigurationIsVisible = 0;
			defaultConfigurationName = Debug;
		};
		ECA5EEB37FD7418F96155639 /* Build configuration list for PBXAggregateTarget "ALL_BUILD" */ = {
			isa = XCConfigurationList;
			buildConfigurations = (
				87203FD3F2984205AB6AE008 /* Debug */,
				3E70CB940BF94C119BE8ED90 /* Release */,
				D48F52B42F4248AAB4405E50 /* MinSizeRel */,
				5A7F4A446387473395E6461A /* RelWithDebInfo */,
			);
			defaultConfigurationIsVisible = 0;
			defaultConfigurationName = Debug;
		};
/* End XCConfigurationList section */
	};
	rootObject = FC5905E398ED47AC80050A78 /* Project object */;
}
